
Microsoft Visual Studio Solution File, Format Version 12.00
# Visual Studio 15
VisualStudioVersion = 15.0.28010.2019
MinimumVisualStudioVersion = 10.0.40219.1
Project("{FAE04EC0-301F-11D3-BF4B-00C04F79EFBC}") = "xamaCourse01.Android", "xamaCourse01\xamaCourse01.Android\xamaCourse01.Android.csproj", "{ED8AE7C1-86DF-403F-BF2B-9BD87D1D74B7}"
EndProject
Project("{FAE04EC0-301F-11D3-BF4B-00C04F79EFBC}") = "xamaCourse01.iOS", "xamaCourse01\xamaCourse01.iOS\xamaCourse01.iOS.csproj", "{A7933288-77AD-4728-9585-0AC8A7B31E4C}"
EndProject
Project("{FAE04EC0-301F-11D3-BF4B-00C04F79EFBC}") = "xamaCourse01", "xamaCourse01\xamaCourse01\xamaCourse01.csproj", "{65E63BD1-93D9-49C0-81EE-BB55CA6DC89F}"
EndProject
Global
	GlobalSection(SolutionConfigurationPlatforms) = preSolution
		Ad-Hoc|Any CPU = Ad-Hoc|Any CPU
		Ad-Hoc|iPhone = Ad-Hoc|iPhone
		Ad-Hoc|iPhoneSimulator = Ad-Hoc|iPhoneSimulator
		AppStore|Any CPU = AppStore|Any CPU
		AppStore|iPhone = AppStore|iPhone
		AppStore|iPhoneSimulator = AppStore|iPhoneSimulator
		Debug|Any CPU = Debug|Any CPU
		Debug|iPhone = Debug|iPhone
		Debug|iPhoneSimulator = Debug|iPhoneSimulator
		Release|Any CPU = Release|Any CPU
		Release|iPhone = Release|iPhone
		Release|iPhoneSimulator = Release|iPhoneSimulator
	EndGlobalSection
	GlobalSection(ProjectConfigurationPlatforms) = postSolution
		{ED8AE7C1-86DF-403F-BF2B-9BD87D1D74B7}.Ad-Hoc|Any CPU.ActiveCfg = Release|Any CPU
		{ED8AE7C1-86DF-403F-BF2B-9BD87D1D74B7}.Ad-Hoc|Any CPU.Build.0 = Release|Any CPU
		{ED8AE7C1-86DF-403F-BF2B-9BD87D1D74B7}.Ad-Hoc|Any CPU.Deploy.0 = Release|Any CPU
		{ED8AE7C1-86DF-403F-BF2B-9BD87D1D74B7}.Ad-Hoc|iPhone.ActiveCfg = Release|Any CPU
		{ED8AE7C1-86DF-403F-BF2B-9BD87D1D74B7}.Ad-Hoc|iPhone.Build.0 = Release|Any CPU
		{ED8AE7C1-86DF-403F-BF2B-9BD87D1D74B7}.Ad-Hoc|iPhone.Deploy.0 = Release|Any CPU
		{ED8AE7C1-86DF-403F-BF2B-9BD87D1D74B7}.Ad-Hoc|iPhoneSimulator.ActiveCfg = Release|Any CPU
		{ED8AE7C1-86DF-403F-BF2B-9BD87D1D74B7}.Ad-Hoc|iPhoneSimulator.Build.0 = Release|Any CPU
		{ED8AE7C1-86DF-403F-BF2B-9BD87D1D74B7}.Ad-Hoc|iPhoneSimulator.Deploy.0 = Release|Any CPU
		{ED8AE7C1-86DF-403F-BF2B-9BD87D1D74B7}.AppStore|Any CPU.ActiveCfg = Release|Any CPU
		{ED8AE7C1-86DF-403F-BF2B-9BD87D1D74B7}.AppStore|Any CPU.Build.0 = Release|Any CPU
		{ED8AE7C1-86DF-403F-BF2B-9BD87D1D74B7}.AppStore|Any CPU.Deploy.0 = Release|Any CPU
		{ED8AE7C1-86DF-403F-BF2B-9BD87D1D74B7}.AppStore|iPhone.ActiveCfg = Release|Any CPU
		{ED8AE7C1-86DF-403F-BF2B-9BD87D1D74B7}.AppStore|iPhone.Build.0 = Release|Any CPU
		{ED8AE7C1-86DF-403F-BF2B-9BD87D1D74B7}.AppStore|iPhone.Deploy.0 = Release|Any CPU
		{ED8AE7C1-86DF-403F-BF2B-9BD87D1D74B7}.AppStore|iPhoneSimulator.ActiveCfg = Release|Any CPU
		{ED8AE7C1-86DF-403F-BF2B-9BD87D1D74B7}.AppStore|iPhoneSimulator.Build.0 = Release|Any CPU
		{ED8AE7C1-86DF-403F-BF2B-9BD87D1D74B7}.AppStore|iPhoneSimulator.Deploy.0 = Release|Any CPU
		{ED8AE7C1-86DF-403F-BF2B-9BD87D1D74B7}.Debug|Any CPU.ActiveCfg = Debug|Any CPU
		{ED8AE7C1-86DF-403F-BF2B-9BD87D1D74B7}.Debug|Any CPU.Build.0 = Debug|Any CPU
		{ED8AE7C1-86DF-403F-BF2B-9BD87D1D74B7}.Debug|Any CPU.Deploy.0 = Debug|Any CPU
		{ED8AE7C1-86DF-403F-BF2B-9BD87D1D74B7}.Debug|iPhone.ActiveCfg = Debug|Any CPU
		{ED8AE7C1-86DF-403F-BF2B-9BD87D1D74B7}.Debug|iPhone.Build.0 = Debug|Any CPU
		{ED8AE7C1-86DF-403F-BF2B-9BD87D1D74B7}.Debug|iPhone.Deploy.0 = Debug|Any CPU
		{ED8AE7C1-86DF-403F-BF2B-9BD87D1D74B7}.Debug|iPhoneSimulator.ActiveCfg = Debug|Any CPU
		{ED8AE7C1-86DF-403F-BF2B-9BD87D1D74B7}.Debug|iPhoneSimulator.Build.0 = Debug|Any CPU
		{ED8AE7C1-86DF-403F-BF2B-9BD87D1D74B7}.Debug|iPhoneSimulator.Deploy.0 = Debug|Any CPU
		{ED8AE7C1-86DF-403F-BF2B-9BD87D1D74B7}.Release|Any CPU.ActiveCfg = Release|Any CPU
		{ED8AE7C1-86DF-403F-BF2B-9BD87D1D74B7}.Release|Any CPU.Build.0 = Release|Any CPU
		{ED8AE7C1-86DF-403F-BF2B-9BD87D1D74B7}.Release|Any CPU.Deploy.0 = Release|Any CPU
		{ED8AE7C1-86DF-403F-BF2B-9BD87D1D74B7}.Release|iPhone.ActiveCfg = Release|Any CPU
		{ED8AE7C1-86DF-403F-BF2B-9BD87D1D74B7}.Release|iPhone.Build.0 = Release|Any CPU
		{ED8AE7C1-86DF-403F-BF2B-9BD87D1D74B7}.Release|iPhone.Deploy.0 = Release|Any CPU
		{ED8AE7C1-86DF-403F-BF2B-9BD87D1D74B7}.Release|iPhoneSimulator.ActiveCfg = Release|Any CPU
		{ED8AE7C1-86DF-403F-BF2B-9BD87D1D74B7}.Release|iPhoneSimulator.Build.0 = Release|Any CPU
		{ED8AE7C1-86DF-403F-BF2B-9BD87D1D74B7}.Release|iPhoneSimulator.Deploy.0 = Release|Any CPU
		{A7933288-77AD-4728-9585-0AC8A7B31E4C}.Ad-Hoc|Any CPU.ActiveCfg = Ad-Hoc|iPhone
		{A7933288-77AD-4728-9585-0AC8A7B31E4C}.Ad-Hoc|Any CPU.Build.0 = Ad-Hoc|iPhone
		{A7933288-77AD-4728-9585-0AC8A7B31E4C}.Ad-Hoc|Any CPU.Deploy.0 = Ad-Hoc|iPhone
		{A7933288-77AD-4728-9585-0AC8A7B31E4C}.Ad-Hoc|iPhone.ActiveCfg = Ad-Hoc|iPhone
		{A7933288-77AD-4728-9585-0AC8A7B31E4C}.Ad-Hoc|iPhone.Build.0 = Ad-Hoc|iPhone
		{A7933288-77AD-4728-9585-0AC8A7B31E4C}.Ad-Hoc|iPhone.Deploy.0 = Ad-Hoc|iPhone
		{A7933288-77AD-4728-9585-0AC8A7B31E4C}.Ad-Hoc|iPhoneSimulator.ActiveCfg = Ad-Hoc|iPhoneSimulator
		{A7933288-77AD-4728-9585-0AC8A7B31E4C}.Ad-Hoc|iPhoneSimulator.Build.0 = Ad-Hoc|iPhoneSimulator
		{A7933288-77AD-4728-9585-0AC8A7B31E4C}.Ad-Hoc|iPhoneSimulator.Deploy.0 = Ad-Hoc|iPhoneSimulator
		{A7933288-77AD-4728-9585-0AC8A7B31E4C}.AppStore|Any CPU.ActiveCfg = AppStore|iPhone
		{A7933288-77AD-4728-9585-0AC8A7B31E4C}.AppStore|Any CPU.Build.0 = AppStore|iPhone
		{A7933288-77AD-4728-9585-0AC8A7B31E4C}.AppStore|Any CPU.Deploy.0 = AppStore|iPhone
		{A7933288-77AD-4728-9585-0AC8A7B31E4C}.AppStore|iPhone.ActiveCfg = AppStore|iPhone
		{A7933288-77AD-4728-9585-0AC8A7B31E4C}.AppStore|iPhone.Build.0 = AppStore|iPhone
		{A7933288-77AD-4728-9585-0AC8A7B31E4C}.AppStore|iPhone.Deploy.0 = AppStore|iPhone
		{A7933288-77AD-4728-9585-0AC8A7B31E4C}.AppStore|iPhoneSimulator.ActiveCfg = AppStore|iPhoneSimulator
		{A7933288-77AD-4728-9585-0AC8A7B31E4C}.AppStore|iPhoneSimulator.Build.0 = AppStore|iPhoneSimulator
		{A7933288-77AD-4728-9585-0AC8A7B31E4C}.AppStore|iPhoneSimulator.Deploy.0 = AppStore|iPhoneSimulator
		{A7933288-77AD-4728-9585-0AC8A7B31E4C}.Debug|Any CPU.ActiveCfg = Debug|iPhoneSimulator
		{A7933288-77AD-4728-9585-0AC8A7B31E4C}.Debug|Any CPU.Build.0 = Debug|iPhoneSimulator
		{A7933288-77AD-4728-9585-0AC8A7B31E4C}.Debug|Any CPU.Deploy.0 = Debug|iPhoneSimulator
		{A7933288-77AD-4728-9585-0AC8A7B31E4C}.Debug|iPhone.ActiveCfg = Debug|iPhone
		{A7933288-77AD-4728-9585-0AC8A7B31E4C}.Debug|iPhone.Build.0 = Debug|iPhone
		{A7933288-77AD-4728-9585-0AC8A7B31E4C}.Debug|iPhone.Deploy.0 = Debug|iPhone
		{A7933288-77AD-4728-9585-0AC8A7B31E4C}.Debug|iPhoneSimulator.ActiveCfg = Debug|iPhoneSimulator
		{A7933288-77AD-4728-9585-0AC8A7B31E4C}.Debug|iPhoneSimulator.Build.0 = Debug|iPhoneSimulator
		{A7933288-77AD-4728-9585-0AC8A7B31E4C}.Debug|iPhoneSimulator.Deploy.0 = Debug|iPhoneSimulator
		{A7933288-77AD-4728-9585-0AC8A7B31E4C}.Release|Any CPU.ActiveCfg = Release|iPhone
		{A7933288-77AD-4728-9585-0AC8A7B31E4C}.Release|Any CPU.Build.0 = Release|iPhone
		{A7933288-77AD-4728-9585-0AC8A7B31E4C}.Release|Any CPU.Deploy.0 = Release|iPhone
		{A7933288-77AD-4728-9585-0AC8A7B31E4C}.Release|iPhone.ActiveCfg = Release|iPhone
		{A7933288-77AD-4728-9585-0AC8A7B31E4C}.Release|iPhone.Build.0 = Release|iPhone
		{A7933288-77AD-4728-9585-0AC8A7B31E4C}.Release|iPhone.Deploy.0 = Release|iPhone
		{A7933288-77AD-4728-9585-0AC8A7B31E4C}.Release|iPhoneSimulator.ActiveCfg = Release|iPhoneSimulator
		{A7933288-77AD-4728-9585-0AC8A7B31E4C}.Release|iPhoneSimulator.Build.0 = Release|iPhoneSimulator
		{A7933288-77AD-4728-9585-0AC8A7B31E4C}.Release|iPhoneSimulator.Deploy.0 = Release|iPhoneSimulator
		{65E63BD1-93D9-49C0-81EE-BB55CA6DC89F}.Ad-Hoc|Any CPU.ActiveCfg = Debug|Any CPU
		{65E63BD1-93D9-49C0-81EE-BB55CA6DC89F}.Ad-Hoc|Any CPU.Build.0 = Debug|Any CPU
		{65E63BD1-93D9-49C0-81EE-BB55CA6DC89F}.Ad-Hoc|Any CPU.Deploy.0 = Debug|Any CPU
		{65E63BD1-93D9-49C0-81EE-BB55CA6DC89F}.Ad-Hoc|iPhone.ActiveCfg = Debug|Any CPU
		{65E63BD1-93D9-49C0-81EE-BB55CA6DC89F}.Ad-Hoc|iPhone.Build.0 = Debug|Any CPU
		{65E63BD1-93D9-49C0-81EE-BB55CA6DC89F}.Ad-Hoc|iPhone.Deploy.0 = Debug|Any CPU
		{65E63BD1-93D9-49C0-81EE-BB55CA6DC89F}.Ad-Hoc|iPhoneSimulator.ActiveCfg = Debug|Any CPU
		{65E63BD1-93D9-49C0-81EE-BB55CA6DC89F}.Ad-Hoc|iPhoneSimulator.Build.0 = Debug|Any CPU
		{65E63BD1-93D9-49C0-81EE-BB55CA6DC89F}.Ad-Hoc|iPhoneSimulator.Deploy.0 = Debug|Any CPU
		{65E63BD1-93D9-49C0-81EE-BB55CA6DC89F}.AppStore|Any CPU.ActiveCfg = Debug|Any CPU
		{65E63BD1-93D9-49C0-81EE-BB55CA6DC89F}.AppStore|Any CPU.Build.0 = Debug|Any CPU
		{65E63BD1-93D9-49C0-81EE-BB55CA6DC89F}.AppStore|Any CPU.Deploy.0 = Debug|Any CPU
		{65E63BD1-93D9-49C0-81EE-BB55CA6DC89F}.AppStore|iPhone.ActiveCfg = Debug|Any CPU
		{65E63BD1-93D9-49C0-81EE-BB55CA6DC89F}.AppStore|iPhone.Build.0 = Debug|Any CPU
		{65E63BD1-93D9-49C0-81EE-BB55CA6DC89F}.AppStore|iPhone.Deploy.0 = Debug|Any CPU
		{65E63BD1-93D9-49C0-81EE-BB55CA6DC89F}.AppStore|iPhoneSimulator.ActiveCfg = Debug|Any CPU
		{65E63BD1-93D9-49C0-81EE-BB55CA6DC89F}.AppStore|iPhoneSimulator.Build.0 = Debug|Any CPU
		{65E63BD1-93D9-49C0-81EE-BB55CA6DC89F}.AppStore|iPhoneSimulator.Deploy.0 = Debug|Any CPU
		{65E63BD1-93D9-49C0-81EE-BB55CA6DC89F}.Debug|Any CPU.ActiveCfg = Debug|Any CPU
		{65E63BD1-93D9-49C0-81EE-BB55CA6DC89F}.Debug|Any CPU.Build.0 = Debug|Any CPU
		{65E63BD1-93D9-49C0-81EE-BB55CA6DC89F}.Debug|Any CPU.Deploy.0 = Debug|Any CPU
		{65E63BD1-93D9-49C0-81EE-BB55CA6DC89F}.Debug|iPhone.ActiveCfg = Debug|Any CPU
		{65E63BD1-93D9-49C0-81EE-BB55CA6DC89F}.Debug|iPhone.Build.0 = Debug|Any CPU
		{65E63BD1-93D9-49C0-81EE-BB55CA6DC89F}.Debug|iPhone.Deploy.0 = Debug|Any CPU
		{65E63BD1-93D9-49C0-81EE-BB55CA6DC89F}.Debug|iPhoneSimulator.ActiveCfg = Debug|Any CPU
		{65E63BD1-93D9-49C0-81EE-BB55CA6DC89F}.Debug|iPhoneSimulator.Build.0 = Debug|Any CPU
		{65E63BD1-93D9-49C0-81EE-BB55CA6DC89F}.Debug|iPhoneSimulator.Deploy.0 = Debug|Any CPU
		{65E63BD1-93D9-49C0-81EE-BB55CA6DC89F}.Release|Any CPU.ActiveCfg = Release|Any CPU
		{65E63BD1-93D9-49C0-81EE-BB55CA6DC89F}.Release|Any CPU.Build.0 = Release|Any CPU
		{65E63BD1-93D9-49C0-81EE-BB55CA6DC89F}.Release|Any CPU.Deploy.0 = Release|Any CPU
		{65E63BD1-93D9-49C0-81EE-BB55CA6DC89F}.Release|iPhone.ActiveCfg = Release|Any CPU
		{65E63BD1-93D9-49C0-81EE-BB55CA6DC89F}.Release|iPhone.Build.0 = Release|Any CPU
		{65E63BD1-93D9-49C0-81EE-BB55CA6DC89F}.Release|iPhone.Deploy.0 = Release|Any CPU
		{65E63BD1-93D9-49C0-81EE-BB55CA6DC89F}.Release|iPhoneSimulator.ActiveCfg = Release|Any CPU
		{65E63BD1-93D9-49C0-81EE-BB55CA6DC89F}.Release|iPhoneSimulator.Build.0 = Release|Any CPU
		{65E63BD1-93D9-49C0-81EE-BB55CA6DC89F}.Release|iPhoneSimulator.Deploy.0 = Release|Any CPU
	EndGlobalSection
	GlobalSection(SolutionProperties) = preSolution
		HideSolutionNode = FALSE
	EndGlobalSection
	GlobalSection(ExtensibilityGlobals) = postSolution
		SolutionGuid = {D5B2F35A-DEFA-41E1-B951-DDB0DD231BDC}
	EndGlobalSection
EndGlobal
